
Microsoft Visual Studio Solution File, Format Version 11.00
# Visual C# Express 2010
Project("{FAE04EC0-301F-11D3-BF4B-00C04F79EFBC}") = "LiteFiler", "LiteFiler\LiteFiler.csproj", "{6779D2B6-BEC2-418A-970E-D1C0AB0F00AE}"
EndProject
Global
	GlobalSection(SolutionConfigurationPlatforms) = preSolution
		Debug|x86 = Debug|x86
		Release|x86 = Release|x86
	EndGlobalSection
	GlobalSection(ProjectConfigurationPlatforms) = postSolution
		{6779D2B6-BEC2-418A-970E-D1C0AB0F00AE}.Debug|x86.ActiveCfg = Debug|x86
		{6779D2B6-BEC2-418A-970E-D1C0AB0F00AE}.Debug|x86.Build.0 = Debug|x86
		{6779D2B6-BEC2-418A-970E-D1C0AB0F00AE}.Release|x86.ActiveCfg = Release|x86
		{6779D2B6-BEC2-418A-970E-D1C0AB0F00AE}.Release|x86.Build.0 = Release|x86
	EndGlobalSection
	GlobalSection(SolutionProperties) = preSolution
		HideSolutionNode = FALSE
	EndGlobalSection
EndGlobal
